
Microsoft Visual Studio Solution File, Format Version 12.00
# Visual Studio 15
VisualStudioVersion = 15.0.28010.2050
MinimumVisualStudioVersion = 10.0.40219.1
Project("{FAE04EC0-301F-11D3-BF4B-00C04F79EFBC}") = "ProjectBubbles.Android", "ProjectBubbles.Android\ProjectBubbles.Android.csproj", "{A2EBEE4B-18E8-45C1-903D-36E772EE2A5F}"
EndProject
Project("{FAE04EC0-301F-11D3-BF4B-00C04F79EFBC}") = "ProjectBubbles.iOS", "ProjectBubbles.iOS\ProjectBubbles.iOS.csproj", "{913B14FF-D6B9-4C60-88E9-AA856151ADDA}"
EndProject
Project("{FAE04EC0-301F-11D3-BF4B-00C04F79EFBC}") = "ProjectBubbles.UWP", "ProjectBubbles.UWP\ProjectBubbles.UWP.csproj", "{EC15745E-F079-4EBB-B3B4-C96F346799D7}"
EndProject
Project("{9A19103F-16F7-4668-BE54-9A1E7A4F7556}") = "ProjectBubbles.MobileAppService", "ProjectBubbles.MobileAppService\ProjectBubbles.MobileAppService.csproj", "{2306801A-85AC-4241-9D0E-1C2820138DF1}"
EndProject
Project("{9A19103F-16F7-4668-BE54-9A1E7A4F7556}") = "ProjectBubbles", "ProjectBubbles\ProjectBubbles.csproj", "{81D7CE1A-8CE1-4EF1-89B9-45FA61890FD5}"
EndProject
Project("{2150E333-8FDC-42A3-9474-1A3956D46DE8}") = "BackEnd", "BackEnd", "{ED9923D3-6A82-4D8E-B9D4-956DD74B3198}"
EndProject
Project("{FAE04EC0-301F-11D3-BF4B-00C04F79EFBC}") = "Models", "Models\Models.csproj", "{2B9D0521-524D-45A4-8745-12DF906817BE}"
EndProject
Project("{2150E333-8FDC-42A3-9474-1A3956D46DE8}") = "Common", "Common", "{9C5D4559-3921-451D-9071-853E16545352}"
EndProject
Project("{2150E333-8FDC-42A3-9474-1A3956D46DE8}") = "Clients", "Clients", "{6F50932D-9242-4D91-9F7A-C27CD66D8865}"
EndProject
Global
	GlobalSection(SolutionConfigurationPlatforms) = preSolution
		Debug|Any CPU = Debug|Any CPU
		Debug|ARM = Debug|ARM
		Debug|iPhone = Debug|iPhone
		Debug|iPhoneSimulator = Debug|iPhoneSimulator
		Debug|x64 = Debug|x64
		Debug|x86 = Debug|x86
		Release|Any CPU = Release|Any CPU
		Release|ARM = Release|ARM
		Release|iPhone = Release|iPhone
		Release|iPhoneSimulator = Release|iPhoneSimulator
		Release|x64 = Release|x64
		Release|x86 = Release|x86
	EndGlobalSection
	GlobalSection(ProjectConfigurationPlatforms) = postSolution
		{A2EBEE4B-18E8-45C1-903D-36E772EE2A5F}.Debug|Any CPU.ActiveCfg = Debug|Any CPU
		{A2EBEE4B-18E8-45C1-903D-36E772EE2A5F}.Debug|Any CPU.Build.0 = Debug|Any CPU
		{A2EBEE4B-18E8-45C1-903D-36E772EE2A5F}.Debug|Any CPU.Deploy.0 = Debug|Any CPU
		{A2EBEE4B-18E8-45C1-903D-36E772EE2A5F}.Debug|ARM.ActiveCfg = Debug|Any CPU
		{A2EBEE4B-18E8-45C1-903D-36E772EE2A5F}.Debug|ARM.Build.0 = Debug|Any CPU
		{A2EBEE4B-18E8-45C1-903D-36E772EE2A5F}.Debug|ARM.Deploy.0 = Debug|Any CPU
		{A2EBEE4B-18E8-45C1-903D-36E772EE2A5F}.Debug|iPhone.ActiveCfg = Debug|Any CPU
		{A2EBEE4B-18E8-45C1-903D-36E772EE2A5F}.Debug|iPhone.Build.0 = Debug|Any CPU
		{A2EBEE4B-18E8-45C1-903D-36E772EE2A5F}.Debug|iPhone.Deploy.0 = Debug|Any CPU
		{A2EBEE4B-18E8-45C1-903D-36E772EE2A5F}.Debug|iPhoneSimulator.ActiveCfg = Debug|Any CPU
		{A2EBEE4B-18E8-45C1-903D-36E772EE2A5F}.Debug|iPhoneSimulator.Build.0 = Debug|Any CPU
		{A2EBEE4B-18E8-45C1-903D-36E772EE2A5F}.Debug|iPhoneSimulator.Deploy.0 = Debug|Any CPU
		{A2EBEE4B-18E8-45C1-903D-36E772EE2A5F}.Debug|x64.ActiveCfg = Debug|Any CPU
		{A2EBEE4B-18E8-45C1-903D-36E772EE2A5F}.Debug|x64.Build.0 = Debug|Any CPU
		{A2EBEE4B-18E8-45C1-903D-36E772EE2A5F}.Debug|x64.Deploy.0 = Debug|Any CPU
		{A2EBEE4B-18E8-45C1-903D-36E772EE2A5F}.Debug|x86.ActiveCfg = Debug|Any CPU
		{A2EBEE4B-18E8-45C1-903D-36E772EE2A5F}.Debug|x86.Build.0 = Debug|Any CPU
		{A2EBEE4B-18E8-45C1-903D-36E772EE2A5F}.Debug|x86.Deploy.0 = Debug|Any CPU
		{A2EBEE4B-18E8-45C1-903D-36E772EE2A5F}.Release|Any CPU.ActiveCfg = Release|Any CPU
		{A2EBEE4B-18E8-45C1-903D-36E772EE2A5F}.Release|Any CPU.Build.0 = Release|Any CPU
		{A2EBEE4B-18E8-45C1-903D-36E772EE2A5F}.Release|Any CPU.Deploy.0 = Release|Any CPU
		{A2EBEE4B-18E8-45C1-903D-36E772EE2A5F}.Release|ARM.ActiveCfg = Release|Any CPU
		{A2EBEE4B-18E8-45C1-903D-36E772EE2A5F}.Release|ARM.Build.0 = Release|Any CPU
		{A2EBEE4B-18E8-45C1-903D-36E772EE2A5F}.Release|ARM.Deploy.0 = Release|Any CPU
		{A2EBEE4B-18E8-45C1-903D-36E772EE2A5F}.Release|iPhone.ActiveCfg = Release|Any CPU
		{A2EBEE4B-18E8-45C1-903D-36E772EE2A5F}.Release|iPhone.Build.0 = Release|Any CPU
		{A2EBEE4B-18E8-45C1-903D-36E772EE2A5F}.Release|iPhone.Deploy.0 = Release|Any CPU
		{A2EBEE4B-18E8-45C1-903D-36E772EE2A5F}.Release|iPhoneSimulator.ActiveCfg = Release|Any CPU
		{A2EBEE4B-18E8-45C1-903D-36E772EE2A5F}.Release|iPhoneSimulator.Build.0 = Release|Any CPU
		{A2EBEE4B-18E8-45C1-903D-36E772EE2A5F}.Release|iPhoneSimulator.Deploy.0 = Release|Any CPU
		{A2EBEE4B-18E8-45C1-903D-36E772EE2A5F}.Release|x64.ActiveCfg = Release|Any CPU
		{A2EBEE4B-18E8-45C1-903D-36E772EE2A5F}.Release|x64.Build.0 = Release|Any CPU
		{A2EBEE4B-18E8-45C1-903D-36E772EE2A5F}.Release|x64.Deploy.0 = Release|Any CPU
		{A2EBEE4B-18E8-45C1-903D-36E772EE2A5F}.Release|x86.ActiveCfg = Release|Any CPU
		{A2EBEE4B-18E8-45C1-903D-36E772EE2A5F}.Release|x86.Build.0 = Release|Any CPU
		{A2EBEE4B-18E8-45C1-903D-36E772EE2A5F}.Release|x86.Deploy.0 = Release|Any CPU
		{913B14FF-D6B9-4C60-88E9-AA856151ADDA}.Debug|Any CPU.ActiveCfg = Debug|iPhoneSimulator
		{913B14FF-D6B9-4C60-88E9-AA856151ADDA}.Debug|Any CPU.Build.0 = Debug|iPhoneSimulator
		{913B14FF-D6B9-4C60-88E9-AA856151ADDA}.Debug|Any CPU.Deploy.0 = Debug|iPhoneSimulator
		{913B14FF-D6B9-4C60-88E9-AA856151ADDA}.Debug|ARM.ActiveCfg = Debug|iPhone
		{913B14FF-D6B9-4C60-88E9-AA856151ADDA}.Debug|ARM.Build.0 = Debug|iPhone
		{913B14FF-D6B9-4C60-88E9-AA856151ADDA}.Debug|ARM.Deploy.0 = Debug|iPhone
		{913B14FF-D6B9-4C60-88E9-AA856151ADDA}.Debug|iPhone.ActiveCfg = Debug|iPhone
		{913B14FF-D6B9-4C60-88E9-AA856151ADDA}.Debug|iPhone.Build.0 = Debug|iPhone
		{913B14FF-D6B9-4C60-88E9-AA856151ADDA}.Debug|iPhone.Deploy.0 = Debug|iPhone
		{913B14FF-D6B9-4C60-88E9-AA856151ADDA}.Debug|iPhoneSimulator.ActiveCfg = Debug|iPhoneSimulator
		{913B14FF-D6B9-4C60-88E9-AA856151ADDA}.Debug|iPhoneSimulator.Build.0 = Debug|iPhoneSimulator
		{913B14FF-D6B9-4C60-88E9-AA856151ADDA}.Debug|iPhoneSimulator.Deploy.0 = Debug|iPhoneSimulator
		{913B14FF-D6B9-4C60-88E9-AA856151ADDA}.Debug|x64.ActiveCfg = Debug|iPhone
		{913B14FF-D6B9-4C60-88E9-AA856151ADDA}.Debug|x64.Build.0 = Debug|iPhone
		{913B14FF-D6B9-4C60-88E9-AA856151ADDA}.Debug|x64.Deploy.0 = Debug|iPhone
		{913B14FF-D6B9-4C60-88E9-AA856151ADDA}.Debug|x86.ActiveCfg = Debug|iPhone
		{913B14FF-D6B9-4C60-88E9-AA856151ADDA}.Debug|x86.Build.0 = Debug|iPhone
		{913B14FF-D6B9-4C60-88E9-AA856151ADDA}.Debug|x86.Deploy.0 = Debug|iPhone
		{913B14FF-D6B9-4C60-88E9-AA856151ADDA}.Release|Any CPU.ActiveCfg = Release|iPhone
		{913B14FF-D6B9-4C60-88E9-AA856151ADDA}.Release|Any CPU.Build.0 = Release|iPhone
		{913B14FF-D6B9-4C60-88E9-AA856151ADDA}.Release|Any CPU.Deploy.0 = Release|iPhone
		{913B14FF-D6B9-4C60-88E9-AA856151ADDA}.Release|ARM.ActiveCfg = Release|iPhone
		{913B14FF-D6B9-4C60-88E9-AA856151ADDA}.Release|ARM.Build.0 = Release|iPhone
		{913B14FF-D6B9-4C60-88E9-AA856151ADDA}.Release|ARM.Deploy.0 = Release|iPhone
		{913B14FF-D6B9-4C60-88E9-AA856151ADDA}.Release|iPhone.ActiveCfg = Release|iPhone
		{913B14FF-D6B9-4C60-88E9-AA856151ADDA}.Release|iPhone.Build.0 = Release|iPhone
		{913B14FF-D6B9-4C60-88E9-AA856151ADDA}.Release|iPhone.Deploy.0 = Release|iPhone
		{913B14FF-D6B9-4C60-88E9-AA856151ADDA}.Release|iPhoneSimulator.ActiveCfg = Release|iPhoneSimulator
		{913B14FF-D6B9-4C60-88E9-AA856151ADDA}.Release|iPhoneSimulator.Build.0 = Release|iPhoneSimulator
		{913B14FF-D6B9-4C60-88E9-AA856151ADDA}.Release|iPhoneSimulator.Deploy.0 = Release|iPhoneSimulator
		{913B14FF-D6B9-4C60-88E9-AA856151ADDA}.Release|x64.ActiveCfg = Release|iPhone
		{913B14FF-D6B9-4C60-88E9-AA856151ADDA}.Release|x64.Build.0 = Release|iPhone
		{913B14FF-D6B9-4C60-88E9-AA856151ADDA}.Release|x64.Deploy.0 = Release|iPhone
		{913B14FF-D6B9-4C60-88E9-AA856151ADDA}.Release|x86.ActiveCfg = Release|iPhone
		{913B14FF-D6B9-4C60-88E9-AA856151ADDA}.Release|x86.Build.0 = Release|iPhone
		{913B14FF-D6B9-4C60-88E9-AA856151ADDA}.Release|x86.Deploy.0 = Release|iPhone
		{EC15745E-F079-4EBB-B3B4-C96F346799D7}.Debug|Any CPU.ActiveCfg = Debug|x86
		{EC15745E-F079-4EBB-B3B4-C96F346799D7}.Debug|Any CPU.Build.0 = Debug|x86
		{EC15745E-F079-4EBB-B3B4-C96F346799D7}.Debug|Any CPU.Deploy.0 = Debug|x86
		{EC15745E-F079-4EBB-B3B4-C96F346799D7}.Debug|ARM.ActiveCfg = Debug|ARM
		{EC15745E-F079-4EBB-B3B4-C96F346799D7}.Debug|ARM.Build.0 = Debug|ARM
		{EC15745E-F079-4EBB-B3B4-C96F346799D7}.Debug|ARM.Deploy.0 = Debug|ARM
		{EC15745E-F079-4EBB-B3B4-C96F346799D7}.Debug|iPhone.ActiveCfg = Debug|x86
		{EC15745E-F079-4EBB-B3B4-C96F346799D7}.Debug|iPhone.Build.0 = Debug|x86
		{EC15745E-F079-4EBB-B3B4-C96F346799D7}.Debug|iPhone.Deploy.0 = Debug|x86
		{EC15745E-F079-4EBB-B3B4-C96F346799D7}.Debug|iPhoneSimulator.ActiveCfg = Debug|x86
		{EC15745E-F079-4EBB-B3B4-C96F346799D7}.Debug|iPhoneSimulator.Build.0 = Debug|x86
		{EC15745E-F079-4EBB-B3B4-C96F346799D7}.Debug|iPhoneSimulator.Deploy.0 = Debug|x86
		{EC15745E-F079-4EBB-B3B4-C96F346799D7}.Debug|x64.ActiveCfg = Debug|x64
		{EC15745E-F079-4EBB-B3B4-C96F346799D7}.Debug|x64.Build.0 = Debug|x64
		{EC15745E-F079-4EBB-B3B4-C96F346799D7}.Debug|x64.Deploy.0 = Debug|x64
		{EC15745E-F079-4EBB-B3B4-C96F346799D7}.Debug|x86.ActiveCfg = Debug|x86
		{EC15745E-F079-4EBB-B3B4-C96F346799D7}.Debug|x86.Build.0 = Debug|x86
		{EC15745E-F079-4EBB-B3B4-C96F346799D7}.Debug|x86.Deploy.0 = Debug|x86
		{EC15745E-F079-4EBB-B3B4-C96F346799D7}.Release|Any CPU.ActiveCfg = Release|x86
		{EC15745E-F079-4EBB-B3B4-C96F346799D7}.Release|Any CPU.Build.0 = Release|x86
		{EC15745E-F079-4EBB-B3B4-C96F346799D7}.Release|Any CPU.Deploy.0 = Release|x86
		{EC15745E-F079-4EBB-B3B4-C96F346799D7}.Release|ARM.ActiveCfg = Release|ARM
		{EC15745E-F079-4EBB-B3B4-C96F346799D7}.Release|ARM.Build.0 = Release|ARM
		{EC15745E-F079-4EBB-B3B4-C96F346799D7}.Release|ARM.Deploy.0 = Release|ARM
		{EC15745E-F079-4EBB-B3B4-C96F346799D7}.Release|iPhone.ActiveCfg = Release|x86
		{EC15745E-F079-4EBB-B3B4-C96F346799D7}.Release|iPhone.Build.0 = Release|x86
		{EC15745E-F079-4EBB-B3B4-C96F346799D7}.Release|iPhone.Deploy.0 = Release|x86
		{EC15745E-F079-4EBB-B3B4-C96F346799D7}.Release|iPhoneSimulator.ActiveCfg = Release|x86
		{EC15745E-F079-4EBB-B3B4-C96F346799D7}.Release|iPhoneSimulator.Build.0 = Release|x86
		{EC15745E-F079-4EBB-B3B4-C96F346799D7}.Release|iPhoneSimulator.Deploy.0 = Release|x86
		{EC15745E-F079-4EBB-B3B4-C96F346799D7}.Release|x64.ActiveCfg = Release|x64
		{EC15745E-F079-4EBB-B3B4-C96F346799D7}.Release|x64.Build.0 = Release|x64
		{EC15745E-F079-4EBB-B3B4-C96F346799D7}.Release|x64.Deploy.0 = Release|x64
		{EC15745E-F079-4EBB-B3B4-C96F346799D7}.Release|x86.ActiveCfg = Release|x86
		{EC15745E-F079-4EBB-B3B4-C96F346799D7}.Release|x86.Build.0 = Release|x86
		{EC15745E-F079-4EBB-B3B4-C96F346799D7}.Release|x86.Deploy.0 = Release|x86
		{2306801A-85AC-4241-9D0E-1C2820138DF1}.Debug|Any CPU.ActiveCfg = Debug|Any CPU
		{2306801A-85AC-4241-9D0E-1C2820138DF1}.Debug|Any CPU.Build.0 = Debug|Any CPU
		{2306801A-85AC-4241-9D0E-1C2820138DF1}.Debug|Any CPU.Deploy.0 = Debug|Any CPU
		{2306801A-85AC-4241-9D0E-1C2820138DF1}.Debug|ARM.ActiveCfg = Debug|Any CPU
		{2306801A-85AC-4241-9D0E-1C2820138DF1}.Debug|ARM.Build.0 = Debug|Any CPU
		{2306801A-85AC-4241-9D0E-1C2820138DF1}.Debug|ARM.Deploy.0 = Debug|Any CPU
		{2306801A-85AC-4241-9D0E-1C2820138DF1}.Debug|iPhone.ActiveCfg = Debug|Any CPU
		{2306801A-85AC-4241-9D0E-1C2820138DF1}.Debug|iPhone.Build.0 = Debug|Any CPU
		{2306801A-85AC-4241-9D0E-1C2820138DF1}.Debug|iPhone.Deploy.0 = Debug|Any CPU
		{2306801A-85AC-4241-9D0E-1C2820138DF1}.Debug|iPhoneSimulator.ActiveCfg = Debug|Any CPU
		{2306801A-85AC-4241-9D0E-1C2820138DF1}.Debug|iPhoneSimulator.Build.0 = Debug|Any CPU
		{2306801A-85AC-4241-9D0E-1C2820138DF1}.Debug|iPhoneSimulator.Deploy.0 = Debug|Any CPU
		{2306801A-85AC-4241-9D0E-1C2820138DF1}.Debug|x64.ActiveCfg = Debug|Any CPU
		{2306801A-85AC-4241-9D0E-1C2820138DF1}.Debug|x64.Build.0 = Debug|Any CPU
		{2306801A-85AC-4241-9D0E-1C2820138DF1}.Debug|x64.Deploy.0 = Debug|Any CPU
		{2306801A-85AC-4241-9D0E-1C2820138DF1}.Debug|x86.ActiveCfg = Debug|Any CPU
		{2306801A-85AC-4241-9D0E-1C2820138DF1}.Debug|x86.Build.0 = Debug|Any CPU
		{2306801A-85AC-4241-9D0E-1C2820138DF1}.Debug|x86.Deploy.0 = Debug|Any CPU
		{2306801A-85AC-4241-9D0E-1C2820138DF1}.Release|Any CPU.ActiveCfg = Release|Any CPU
		{2306801A-85AC-4241-9D0E-1C2820138DF1}.Release|Any CPU.Build.0 = Release|Any CPU
		{2306801A-85AC-4241-9D0E-1C2820138DF1}.Release|Any CPU.Deploy.0 = Release|Any CPU
		{2306801A-85AC-4241-9D0E-1C2820138DF1}.Release|ARM.ActiveCfg = Release|Any CPU
		{2306801A-85AC-4241-9D0E-1C2820138DF1}.Release|ARM.Build.0 = Release|Any CPU
		{2306801A-85AC-4241-9D0E-1C2820138DF1}.Release|ARM.Deploy.0 = Release|Any CPU
		{2306801A-85AC-4241-9D0E-1C2820138DF1}.Release|iPhone.ActiveCfg = Release|Any CPU
		{2306801A-85AC-4241-9D0E-1C2820138DF1}.Release|iPhone.Build.0 = Release|Any CPU
		{2306801A-85AC-4241-9D0E-1C2820138DF1}.Release|iPhone.Deploy.0 = Release|Any CPU
		{2306801A-85AC-4241-9D0E-1C2820138DF1}.Release|iPhoneSimulator.ActiveCfg = Release|Any CPU
		{2306801A-85AC-4241-9D0E-1C2820138DF1}.Release|iPhoneSimulator.Build.0 = Release|Any CPU
		{2306801A-85AC-4241-9D0E-1C2820138DF1}.Release|iPhoneSimulator.Deploy.0 = Release|Any CPU
		{2306801A-85AC-4241-9D0E-1C2820138DF1}.Release|x64.ActiveCfg = Release|Any CPU
		{2306801A-85AC-4241-9D0E-1C2820138DF1}.Release|x64.Build.0 = Release|Any CPU
		{2306801A-85AC-4241-9D0E-1C2820138DF1}.Release|x64.Deploy.0 = Release|Any CPU
		{2306801A-85AC-4241-9D0E-1C2820138DF1}.Release|x86.ActiveCfg = Release|Any CPU
		{2306801A-85AC-4241-9D0E-1C2820138DF1}.Release|x86.Build.0 = Release|Any CPU
		{2306801A-85AC-4241-9D0E-1C2820138DF1}.Release|x86.Deploy.0 = Release|Any CPU
		{81D7CE1A-8CE1-4EF1-89B9-45FA61890FD5}.Debug|Any CPU.ActiveCfg = Debug|Any CPU
		{81D7CE1A-8CE1-4EF1-89B9-45FA61890FD5}.Debug|Any CPU.Build.0 = Debug|Any CPU
		{81D7CE1A-8CE1-4EF1-89B9-45FA61890FD5}.Debug|Any CPU.Deploy.0 = Debug|Any CPU
		{81D7CE1A-8CE1-4EF1-89B9-45FA61890FD5}.Debug|ARM.ActiveCfg = Debug|Any CPU
		{81D7CE1A-8CE1-4EF1-89B9-45FA61890FD5}.Debug|ARM.Build.0 = Debug|Any CPU
		{81D7CE1A-8CE1-4EF1-89B9-45FA61890FD5}.Debug|ARM.Deploy.0 = Debug|Any CPU
		{81D7CE1A-8CE1-4EF1-89B9-45FA61890FD5}.Debug|iPhone.ActiveCfg = Debug|Any CPU
		{81D7CE1A-8CE1-4EF1-89B9-45FA61890FD5}.Debug|iPhone.Build.0 = Debug|Any CPU
		{81D7CE1A-8CE1-4EF1-89B9-45FA61890FD5}.Debug|iPhone.Deploy.0 = Debug|Any CPU
		{81D7CE1A-8CE1-4EF1-89B9-45FA61890FD5}.Debug|iPhoneSimulator.ActiveCfg = Debug|Any CPU
		{81D7CE1A-8CE1-4EF1-89B9-45FA61890FD5}.Debug|iPhoneSimulator.Build.0 = Debug|Any CPU
		{81D7CE1A-8CE1-4EF1-89B9-45FA61890FD5}.Debug|iPhoneSimulator.Deploy.0 = Debug|Any CPU
		{81D7CE1A-8CE1-4EF1-89B9-45FA61890FD5}.Debug|x64.ActiveCfg = Debug|Any CPU
		{81D7CE1A-8CE1-4EF1-89B9-45FA61890FD5}.Debug|x64.Build.0 = Debug|Any CPU
		{81D7CE1A-8CE1-4EF1-89B9-45FA61890FD5}.Debug|x64.Deploy.0 = Debug|Any CPU
		{81D7CE1A-8CE1-4EF1-89B9-45FA61890FD5}.Debug|x86.ActiveCfg = Debug|Any CPU
		{81D7CE1A-8CE1-4EF1-89B9-45FA61890FD5}.Debug|x86.Build.0 = Debug|Any CPU
		{81D7CE1A-8CE1-4EF1-89B9-45FA61890FD5}.Debug|x86.Deploy.0 = Debug|Any CPU
		{81D7CE1A-8CE1-4EF1-89B9-45FA61890FD5}.Release|Any CPU.ActiveCfg = Release|Any CPU
		{81D7CE1A-8CE1-4EF1-89B9-45FA61890FD5}.Release|Any CPU.Build.0 = Release|Any CPU
		{81D7CE1A-8CE1-4EF1-89B9-45FA61890FD5}.Release|Any CPU.Deploy.0 = Release|Any CPU
		{81D7CE1A-8CE1-4EF1-89B9-45FA61890FD5}.Release|ARM.ActiveCfg = Release|Any CPU
		{81D7CE1A-8CE1-4EF1-89B9-45FA61890FD5}.Release|ARM.Build.0 = Release|Any CPU
		{81D7CE1A-8CE1-4EF1-89B9-45FA61890FD5}.Release|ARM.Deploy.0 = Release|Any CPU
		{81D7CE1A-8CE1-4EF1-89B9-45FA61890FD5}.Release|iPhone.ActiveCfg = Release|Any CPU
		{81D7CE1A-8CE1-4EF1-89B9-45FA61890FD5}.Release|iPhone.Build.0 = Release|Any CPU
		{81D7CE1A-8CE1-4EF1-89B9-45FA61890FD5}.Release|iPhone.Deploy.0 = Release|Any CPU
		{81D7CE1A-8CE1-4EF1-89B9-45FA61890FD5}.Release|iPhoneSimulator.ActiveCfg = Release|Any CPU
		{81D7CE1A-8CE1-4EF1-89B9-45FA61890FD5}.Release|iPhoneSimulator.Build.0 = Release|Any CPU
		{81D7CE1A-8CE1-4EF1-89B9-45FA61890FD5}.Release|iPhoneSimulator.Deploy.0 = Release|Any CPU
		{81D7CE1A-8CE1-4EF1-89B9-45FA61890FD5}.Release|x64.ActiveCfg = Release|Any CPU
		{81D7CE1A-8CE1-4EF1-89B9-45FA61890FD5}.Release|x64.Build.0 = Release|Any CPU
		{81D7CE1A-8CE1-4EF1-89B9-45FA61890FD5}.Release|x64.Deploy.0 = Release|Any CPU
		{81D7CE1A-8CE1-4EF1-89B9-45FA61890FD5}.Release|x86.ActiveCfg = Release|Any CPU
		{81D7CE1A-8CE1-4EF1-89B9-45FA61890FD5}.Release|x86.Build.0 = Release|Any CPU
		{81D7CE1A-8CE1-4EF1-89B9-45FA61890FD5}.Release|x86.Deploy.0 = Release|Any CPU
		{2B9D0521-524D-45A4-8745-12DF906817BE}.Debug|Any CPU.ActiveCfg = Debug|Any CPU
		{2B9D0521-524D-45A4-8745-12DF906817BE}.Debug|Any CPU.Build.0 = Debug|Any CPU
		{2B9D0521-524D-45A4-8745-12DF906817BE}.Debug|ARM.ActiveCfg = Debug|Any CPU
		{2B9D0521-524D-45A4-8745-12DF906817BE}.Debug|ARM.Build.0 = Debug|Any CPU
		{2B9D0521-524D-45A4-8745-12DF906817BE}.Debug|iPhone.ActiveCfg = Debug|Any CPU
		{2B9D0521-524D-45A4-8745-12DF906817BE}.Debug|iPhone.Build.0 = Debug|Any CPU
		{2B9D0521-524D-45A4-8745-12DF906817BE}.Debug|iPhoneSimulator.ActiveCfg = Debug|Any CPU
		{2B9D0521-524D-45A4-8745-12DF906817BE}.Debug|iPhoneSimulator.Build.0 = Debug|Any CPU
		{2B9D0521-524D-45A4-8745-12DF906817BE}.Debug|x64.ActiveCfg = Debug|Any CPU
		{2B9D0521-524D-45A4-8745-12DF906817BE}.Debug|x64.Build.0 = Debug|Any CPU
		{2B9D0521-524D-45A4-8745-12DF906817BE}.Debug|x86.ActiveCfg = Debug|Any CPU
		{2B9D0521-524D-45A4-8745-12DF906817BE}.Debug|x86.Build.0 = Debug|Any CPU
		{2B9D0521-524D-45A4-8745-12DF906817BE}.Release|Any CPU.ActiveCfg = Release|Any CPU
		{2B9D0521-524D-45A4-8745-12DF906817BE}.Release|Any CPU.Build.0 = Release|Any CPU
		{2B9D0521-524D-45A4-8745-12DF906817BE}.Release|ARM.ActiveCfg = Release|Any CPU
		{2B9D0521-524D-45A4-8745-12DF906817BE}.Release|ARM.Build.0 = Release|Any CPU
		{2B9D0521-524D-45A4-8745-12DF906817BE}.Release|iPhone.ActiveCfg = Release|Any CPU
		{2B9D0521-524D-45A4-8745-12DF906817BE}.Release|iPhone.Build.0 = Release|Any CPU
		{2B9D0521-524D-45A4-8745-12DF906817BE}.Release|iPhoneSimulator.ActiveCfg = Release|Any CPU
		{2B9D0521-524D-45A4-8745-12DF906817BE}.Release|iPhoneSimulator.Build.0 = Release|Any CPU
		{2B9D0521-524D-45A4-8745-12DF906817BE}.Release|x64.ActiveCfg = Release|Any CPU
		{2B9D0521-524D-45A4-8745-12DF906817BE}.Release|x64.Build.0 = Release|Any CPU
		{2B9D0521-524D-45A4-8745-12DF906817BE}.Release|x86.ActiveCfg = Release|Any CPU
		{2B9D0521-524D-45A4-8745-12DF906817BE}.Release|x86.Build.0 = Release|Any CPU
	EndGlobalSection
	GlobalSection(SolutionProperties) = preSolution
		HideSolutionNode = FALSE
	EndGlobalSection
	GlobalSection(NestedProjects) = preSolution
		{A2EBEE4B-18E8-45C1-903D-36E772EE2A5F} = {6F50932D-9242-4D91-9F7A-C27CD66D8865}
		{913B14FF-D6B9-4C60-88E9-AA856151ADDA} = {6F50932D-9242-4D91-9F7A-C27CD66D8865}
		{EC15745E-F079-4EBB-B3B4-C96F346799D7} = {6F50932D-9242-4D91-9F7A-C27CD66D8865}
		{2306801A-85AC-4241-9D0E-1C2820138DF1} = {ED9923D3-6A82-4D8E-B9D4-956DD74B3198}
		{81D7CE1A-8CE1-4EF1-89B9-45FA61890FD5} = {9C5D4559-3921-451D-9071-853E16545352}
		{2B9D0521-524D-45A4-8745-12DF906817BE} = {9C5D4559-3921-451D-9071-853E16545352}
	EndGlobalSection
	GlobalSection(ExtensibilityGlobals) = postSolution
		SolutionGuid = {333C4D5D-C633-4854-AC2B-B3645494B9E5}
	EndGlobalSection
EndGlobal
